// !$*UTF8*$!
{
	archiveVersion = 1;
	classes = {
	};
	objectVersion = 46;
	objects = {

/* Begin PBXBuildFile section */
		79537F9C1A32CB5B00AA9630 /* AppDelegate.swift in Sources */ = {isa = PBXBuildFile; fileRef = 79537F9B1A32CB5B00AA9630 /* AppDelegate.swift */; };
		79537F9E1A32CB5B00AA9630 /* ViewController.swift in Sources */ = {isa = PBXBuildFile; fileRef = 79537F9D1A32CB5B00AA9630 /* ViewController.swift */; };
		79537FA11A32CB5B00AA9630 /* Main.storyboard in Resources */ = {isa = PBXBuildFile; fileRef = 79537F9F1A32CB5B00AA9630 /* Main.storyboard */; };
		79537FA31A32CB5B00AA9630 /* Images.xcassets in Resources */ = {isa = PBXBuildFile; fileRef = 79537FA21A32CB5B00AA9630 /* Images.xcassets */; };
		79537FA61A32CB5B00AA9630 /* LaunchScreen.xib in Resources */ = {isa = PBXBuildFile; fileRef = 79537FA41A32CB5B00AA9630 /* LaunchScreen.xib */; };
		79537FB21A32CB5C00AA9630 /* MagnetWeekendProjectTests.swift in Sources */ = {isa = PBXBuildFile; fileRef = 79537FB11A32CB5C00AA9630 /* MagnetWeekendProjectTests.swift */; };
		79537FBC1A32CECD00AA9630 /* IMG_0004.JPG in Resources */ = {isa = PBXBuildFile; fileRef = 79537FBB1A32CECD00AA9630 /* IMG_0004.JPG */; };
/* End PBXBuildFile section */

/* Begin PBXContainerItemProxy section */
		79537FAC1A32CB5C00AA9630 /* PBXContainerItemProxy */ = {
			isa = PBXContainerItemProxy;
			containerPortal = 79537F8E1A32CB5B00AA9630 /* Project object */;
			proxyType = 1;
			remoteGlobalIDString = 79537F951A32CB5B00AA9630;
			remoteInfo = MagnetWeekendProject;
		};
/* End PBXContainerItemProxy section */

/* Begin PBXFileReference section */
		79537F961A32CB5B00AA9630 /* MagnetWeekendProject.app */ = {isa = PBXFileReference; explicitFileType = wrapper.application; includeInIndex = 0; path = MagnetWeekendProject.app; sourceTree = BUILT_PRODUCTS_DIR; };
		79537F9A1A32CB5B00AA9630 /* Info.plist */ = {isa = PBXFileReference; lastKnownFileType = text.plist.xml; path = Info.plist; sourceTree = "<group>"; };
		79537F9B1A32CB5B00AA9630 /* AppDelegate.swift */ = {isa = PBXFileReference; lastKnownFileType = sourcecode.swift; path = AppDelegate.swift; sourceTree = "<group>"; };
		79537F9D1A32CB5B00AA9630 /* ViewController.swift */ = {isa = PBXFileReference; lastKnownFileType = sourcecode.swift; path = ViewController.swift; sourceTree = "<group>"; };
		79537FA01A32CB5B00AA9630 /* Base */ = {isa = PBXFileReference; lastKnownFileType = file.storyboard; name = Base; path = Base.lproj/Main.storyboard; sourceTree = "<group>"; };
		79537FA21A32CB5B00AA9630 /* Images.xcassets */ = {isa = PBXFileReference; lastKnownFileType = folder.assetcatalog; path = Images.xcassets; sourceTree = "<group>"; };
		79537FA51A32CB5B00AA9630 /* Base */ = {isa = PBXFileReference; lastKnownFileType = file.xib; name = Base; path = Base.lproj/LaunchScreen.xib; sourceTree = "<group>"; };
		79537FAB1A32CB5C00AA9630 /* MagnetWeekendProjectTests.xctest */ = {isa = PBXFileReference; explicitFileType = wrapper.cfbundle; includeInIndex = 0; path = MagnetWeekendProjectTests.xctest; sourceTree = BUILT_PRODUCTS_DIR; };
		79537FB01A32CB5C00AA9630 /* Info.plist */ = {isa = PBXFileReference; lastKnownFileType = text.plist.xml; path = Info.plist; sourceTree = "<group>"; };
		79537FB11A32CB5C00AA9630 /* MagnetWeekendProjectTests.swift */ = {isa = PBXFileReference; lastKnownFileType = sourcecode.swift; path = MagnetWeekendProjectTests.swift; sourceTree = "<group>"; };
		79537FBB1A32CECD00AA9630 /* IMG_0004.JPG */ = {isa = PBXFileReference; lastKnownFileType = image.jpeg; path = IMG_0004.JPG; sourceTree = "<group>"; };
/* End PBXFileReference section */

/* Begin PBXFrameworksBuildPhase section */
		79537F931A32CB5B00AA9630 /* Frameworks */ = {
			isa = PBXFrameworksBuildPhase;
			buildActionMask = 2147483647;
			files = (
			);
			runOnlyForDeploymentPostprocessing = 0;
		};
		79537FA81A32CB5C00AA9630 /* Frameworks */ = {
			isa = PBXFrameworksBuildPhase;
			buildActionMask = 2147483647;
			files = (
			);
			runOnlyForDeploymentPostprocessing = 0;
		};
/* End PBXFrameworksBuildPhase section */

/* Begin PBXGroup section */
		79537F8D1A32CB5B00AA9630 = {
			isa = PBXGroup;
			children = (
				79537F981A32CB5B00AA9630 /* MagnetWeekendProject */,
				79537FAE1A32CB5C00AA9630 /* MagnetWeekendProjectTests */,
				79537F971A32CB5B00AA9630 /* Products */,
			);
			sourceTree = "<group>";
		};
		79537F971A32CB5B00AA9630 /* Products */ = {
			isa = PBXGroup;
			children = (
				79537F961A32CB5B00AA9630 /* MagnetWeekendProject.app */,
				79537FAB1A32CB5C00AA9630 /* MagnetWeekendProjectTests.xctest */,
			);
			name = Products;
			sourceTree = "<group>";
		};
		79537F981A32CB5B00AA9630 /* MagnetWeekendProject */ = {
			isa = PBXGroup;
			children = (
				79537F9B1A32CB5B00AA9630 /* AppDelegate.swift */,
				79537F9D1A32CB5B00AA9630 /* ViewController.swift */,
				79537F9F1A32CB5B00AA9630 /* Main.storyboard */,
				79537FA21A32CB5B00AA9630 /* Images.xcassets */,
				79537FA41A32CB5B00AA9630 /* LaunchScreen.xib */,
				79537FBB1A32CECD00AA9630 /* IMG_0004.JPG */,
				79537F991A32CB5B00AA9630 /* Supporting Files */,
			);
			path = MagnetWeekendProject;
			sourceTree = "<group>";
		};
		79537F991A32CB5B00AA9630 /* Supporting Files */ = {
			isa = PBXGroup;
			children = (
				79537F9A1A32CB5B00AA9630 /* Info.plist */,
			);
			name = "Supporting Files";
			sourceTree = "<group>";
		};
		79537FAE1A32CB5C00AA9630 /* MagnetWeekendProjectTests */ = {
			isa = PBXGroup;
			children = (
				79537FB11A32CB5C00AA9630 /* MagnetWeekendProjectTests.swift */,
				79537FAF1A32CB5C00AA9630 /* Supporting Files */,
			);
			path = MagnetWeekendProjectTests;
			sourceTree = "<group>";
		};
		79537FAF1A32CB5C00AA9630 /* Supporting Files */ = {
			isa = PBXGroup;
			children = (
				79537FB01A32CB5C00AA9630 /* Info.plist */,
			);
			name = "Supporting Files";
			sourceTree = "<group>";
		};
/* End PBXGroup section */

/* Begin PBXNativeTarget section */
		79537F951A32CB5B00AA9630 /* MagnetWeekendProject */ = {
			isa = PBXNativeTarget;
			buildConfigurationList = 79537FB51A32CB5C00AA9630 /* Build configuration list for PBXNativeTarget "MagnetWeekendProject" */;
			buildPhases = (
				79537F921A32CB5B00AA9630 /* Sources */,
				79537F931A32CB5B00AA9630 /* Frameworks */,
				79537F941A32CB5B00AA9630 /* Resources */,
			);
			buildRules = (
			);
			dependencies = (
			);
			name = MagnetWeekendProject;
			productName = MagnetWeekendProject;
			productReference = 79537F961A32CB5B00AA9630 /* MagnetWeekendProject.app */;
			productType = "com.apple.product-type.application";
		};
		79537FAA1A32CB5C00AA9630 /* MagnetWeekendProjectTests */ = {
			isa = PBXNativeTarget;
			buildConfigurationList = 79537FB81A32CB5C00AA9630 /* Build configuration list for PBXNativeTarget "MagnetWeekendProjectTests" */;
			buildPhases = (
				79537FA71A32CB5C00AA9630 /* Sources */,
				79537FA81A32CB5C00AA9630 /* Frameworks */,
				79537FA91A32CB5C00AA9630 /* Resources */,
			);
			buildRules = (
			);
			dependencies = (
				79537FAD1A32CB5C00AA9630 /* PBXTargetDependency */,
			);
			name = MagnetWeekendProjectTests;
			productName = MagnetWeekendProjectTests;
			productReference = 79537FAB1A32CB5C00AA9630 /* MagnetWeekendProjectTests.xctest */;
			productType = "com.apple.product-type.bundle.unit-test";
		};
/* End PBXNativeTarget section */

/* Begin PBXProject section */
		79537F8E1A32CB5B00AA9630 /* Project object */ = {
			isa = PBXProject;
			attributes = {
				LastUpgradeCheck = 0610;
				ORGANIZATIONNAME = "Up Early, LLC";
				TargetAttributes = {
					79537F951A32CB5B00AA9630 = {
						CreatedOnToolsVersion = 6.1;
					};
					79537FAA1A32CB5C00AA9630 = {
						CreatedOnToolsVersion = 6.1;
						TestTargetID = 79537F951A32CB5B00AA9630;
					};
				};
			};
			buildConfigurationList = 79537F911A32CB5B00AA9630 /* Build configuration list for PBXProject "MagnetWeekendProject" */;
			compatibilityVersion = "Xcode 3.2";
			developmentRegion = English;
			hasScannedForEncodings = 0;
			knownRegions = (
				en,
				Base,
			);
			mainGroup = 79537F8D1A32CB5B00AA9630;
			productRefGroup = 79537F971A32CB5B00AA9630 /* Products */;
			projectDirPath = "";
			projectRoot = "";
			targets = (
				79537F951A32CB5B00AA9630 /* MagnetWeekendProject */,
				79537FAA1A32CB5C00AA9630 /* MagnetWeekendProjectTests */,
			);
		};
/* End PBXProject section */

/* Begin PBXResourcesBuildPhase section */
		79537F941A32CB5B00AA9630 /* Resources */ = {
			isa = PBXResourcesBuildPhase;
			buildActionMask = 2147483647;
			files = (
				79537FA11A32CB5B00AA9630 /* Main.storyboard in Resources */,
				79537FA61A32CB5B00AA9630 /* LaunchScreen.xib in Resources */,
				79537FA31A32CB5B00AA9630 /* Images.xcassets in Resources */,
				79537FBC1A32CECD00AA9630 /* IMG_0004.JPG in Resources */,
			);
			runOnlyForDeploymentPostprocessing = 0;
		};
		79537FA91A32CB5C00AA9630 /* Resources */ = {
			isa = PBXResourcesBuildPhase;
			buildActionMask = 2147483647;
			files = (
			);
			runOnlyForDeploymentPostprocessing = 0;
		};
/* End PBXResourcesBuildPhase section */

/* Begin PBXSourcesBuildPhase section */
		79537F921A32CB5B00AA9630 /* Sources */ = {
			isa = PBXSourcesBuildPhase;
			buildActionMask = 2147483647;
			files = (
				79537F9E1A32CB5B00AA9630 /* ViewController.swift in Sources */,
				79537F9C1A32CB5B00AA9630 /* AppDelegate.swift in Sources */,
			);
			runOnlyForDeploymentPostprocessing = 0;
		};
		79537FA71A32CB5C00AA9630 /* Sources */ = {
			isa = PBXSourcesBuildPhase;
			buildActionMask = 2147483647;
			files = (
				79537FB21A32CB5C00AA9630 /* MagnetWeekendProjectTests.swift in Sources */,
			);
			runOnlyForDeploymentPostprocessing = 0;
		};
/* End PBXSourcesBuildPhase section */

/* Begin PBXTargetDependency section */
		79537FAD1A32CB5C00AA9630 /* PBXTargetDependency */ = {
			isa = PBXTargetDependency;
			target = 79537F951A32CB5B00AA9630 /* MagnetWeekendProject */;
			targetProxy = 79537FAC1A32CB5C00AA9630 /* PBXContainerItemProxy */;
		};
/* End PBXTargetDependency section */

/* Begin PBXVariantGroup section */
		79537F9F1A32CB5B00AA9630 /* Main.storyboard */ = {
			isa = PBXVariantGroup;
			children = (
				79537FA01A32CB5B00AA9630 /* Base */,
			);
			name = Main.storyboard;
			sourceTree = "<group>";
		};
		79537FA41A32CB5B00AA9630 /* LaunchScreen.xib */ = {
			isa = PBXVariantGroup;
			children = (
				79537FA51A32CB5B00AA9630 /* Base */,
			);
			name = LaunchScreen.xib;
			sourceTree = "<group>";
		};
/* End PBXVariantGroup section */

/* Begin XCBuildConfiguration section */
		79537FB31A32CB5C00AA9630 /* Debug */ = {
			isa = XCBuildConfiguration;
			buildSettings = {
				ALWAYS_SEARCH_USER_PATHS = NO;
				CLANG_CXX_LANGUAGE_STANDARD = "gnu++0x";
				CLANG_CXX_LIBRARY = "libc++";
				CLANG_ENABLE_MODULES = YES;
				CLANG_ENABLE_OBJC_ARC = YES;
				CLANG_WARN_BOOL_CONVERSION = YES;
				CLANG_WARN_CONSTANT_CONVERSION = YES;
				CLANG_WARN_DIRECT_OBJC_ISA_USAGE = YES_ERROR;
				CLANG_WARN_EMPTY_BODY = YES;
				CLANG_WARN_ENUM_CONVERSION = YES;
				CLANG_WARN_INT_CONVERSION = YES;
				CLANG_WARN_OBJC_ROOT_CLASS = YES_ERROR;
				CLANG_WARN_UNREACHABLE_CODE = YES;
				CLANG_WARN__DUPLICATE_METHOD_MATCH = YES;
				"CODE_SIGN_IDENTITY[sdk=iphoneos*]" = "iPhone Developer";
				COPY_PHASE_STRIP = NO;
				ENABLE_STRICT_OBJC_MSGSEND = YES;
				GCC_C_LANGUAGE_STANDARD = gnu99;
				GCC_DYNAMIC_NO_PIC = NO;
				GCC_OPTIMIZATION_LEVEL = 0;
				GCC_PREPROCESSOR_DEFINITIONS = (
					"DEBUG=1",
					"$(inherited)",
				);
				GCC_SYMBOLS_PRIVATE_EXTERN = NO;
				GCC_WARN_64_TO_32_BIT_CONVERSION = YES;
				GCC_WARN_ABOUT_RETURN_TYPE = YES_ERROR;
				GCC_WARN_UNDECLARED_SELECTOR = YES;
				GCC_WARN_UNINITIALIZED_AUTOS = YES_AGGRESSIVE;
				GCC_WARN_UNUSED_FUNCTION = YES;
				GCC_WARN_UNUSED_VARIABLE = YES;
				IPHONEOS_DEPLOYMENT_TARGET = 8.1;
				MTL_ENABLE_DEBUG_INFO = YES;
				ONLY_ACTIVE_ARCH = YES;
				SDKROOT = iphoneos;
				SWIFT_OPTIMIZATION_LEVEL = "-Onone";
			};
			name = Debug;
		};
		79537FB41A32CB5C00AA9630 /* Release */ = {
			isa = XCBuildConfiguration;
			buildSettings = {
				ALWAYS_SEARCH_USER_PATHS = NO;
				CLANG_CXX_LANGUAGE_STANDARD = "gnu++0x";
				CLANG_CXX_LIBRARY = "libc++";
				CLANG_ENABLE_MODULES = YES;
				CLANG_ENABLE_OBJC_ARC = YES;
				CLANG_WARN_BOOL_CONVERSION = YES;
				CLANG_WARN_CONSTANT_CONVERSION = YES;
				CLANG_WARN_DIRECT_OBJC_ISA_USAGE = YES_ERROR;
				CLANG_WARN_EMPTY_BODY = YES;
				CLANG_WARN_ENUM_CONVERSION = YES;
				CLANG_WARN_INT_CONVERSION = YES;
				CLANG_WARN_OBJC_ROOT_CLASS = YES_ERROR;
				CLANG_WARN_UNREACHABLE_CODE = YES;
				CLANG_WARN__DUPLICATE_METHOD_MATCH = YES;
				"CODE_SIGN_IDENTITY[sdk=iphoneos*]" = "iPhone Developer";
				COPY_PHASE_STRIP = YES;
				ENABLE_NS_ASSERTIONS = NO;
				ENABLE_STRICT_OBJC_MSGSEND = YES;
				GCC_C_LANGUAGE_STANDARD = gnu99;
				GCC_WARN_64_TO_32_BIT_CONVERSION = YES;
				GCC_WARN_ABOUT_RETURN_TYPE = YES_ERROR;
				GCC_WARN_UNDECLARED_SELECTOR = YES;
				GCC_WARN_UNINITIALIZED_AUTOS = YES_AGGRESSIVE;
				GCC_WARN_UNUSED_FUNCTION = YES;
				GCC_WARN_UNUSED_VARIABLE = YES;
				IPHONEOS_DEPLOYMENT_TARGET = 8.1;
				MTL_ENABLE_DEBUG_INFO = NO;
				SDKROOT = iphoneos;
				VALIDATE_PRODUCT = YES;
			};
			name = Release;
		};
		79537FB61A32CB5C00AA9630 /* Debug */ = {
			isa = XCBuildConfiguration;
			buildSettings = {
				ASSETCATALOG_COMPILER_APPICON_NAME = AppIcon;
				INFOPLIST_FILE = MagnetWeekendProject/Info.plist;
				LD_RUNPATH_SEARCH_PATHS = "$(inherited) @executable_path/Frameworks";
				PRODUCT_NAME = "$(TARGET_NAME)";
			};
			name = Debug;
		};
		79537FB71A32CB5C00AA9630 /* Release */ = {
			isa = XCBuildConfiguration;
			buildSettings = {
				ASSETCATALOG_COMPILER_APPICON_NAME = AppIcon;
				INFOPLIST_FILE = MagnetWeekendProject/Info.plist;
				LD_RUNPATH_SEARCH_PATHS = "$(inherited) @executable_path/Frameworks";
				PRODUCT_NAME = "$(TARGET_NAME)";
			};
			name = Release;
		};
		79537FB91A32CB5C00AA9630 /* Debug */ = {
			isa = XCBuildConfiguration;
			buildSettings = {
				BUNDLE_LOADER = "$(TEST_HOST)";
				FRAMEWORK_SEARCH_PATHS = (
					"$(SDKROOT)/Developer/Library/Frameworks",
					"$(inherited)",
				);
				GCC_PREPROCESSOR_DEFINITIONS = (
					"DEBUG=1",
					"$(inherited)",
				);
				INFOPLIST_FILE = MagnetWeekendProjectTests/Info.plist;
				LD_RUNPATH_SEARCH_PATHS = "$(inherited) @executable_path/Frameworks @loader_path/Frameworks";
				PRODUCT_NAME = "$(TARGET_NAME)";
				TEST_HOST = "$(BUILT_PRODUCTS_DIR)/MagnetWeekendProject.app/MagnetWeekendProject";
			};
			name = Debug;
		};
		79537FBA1A32CB5C00AA9630 /* Release */ = {
			isa = XCBuildConfiguration;
			buildSettings = {
				BUNDLE_LOADER = "$(TEST_HOST)";
				FRAMEWORK_SEARCH_PATHS = (
					"$(SDKROOT)/Developer/Library/Frameworks",
					"$(inherited)",
				);
				INFOPLIST_FILE = MagnetWeekendProjectTests/Info.plist;
				LD_RUNPATH_SEARCH_PATHS = "$(inherited) @executable_path/Frameworks @loader_path/Frameworks";
				PRODUCT_NAME = "$(TARGET_NAME)";
				TEST_HOST = "$(BUILT_PRODUCTS_DIR)/MagnetWeekendProject.app/MagnetWeekendProject";
			};
			name = Release;
		};
/* End XCBuildConfiguration section */

/* Begin XCConfigurationList section */
		79537F911A32CB5B00AA9630 /* Build configuration list for PBXProject "MagnetWeekendProject" */ = {
			isa = XCConfigurationList;
			buildConfigurations = (
				79537FB31A32CB5C00AA9630 /* Debug */,
				79537FB41A32CB5C00AA9630 /* Release */,
			);
			defaultConfigurationIsVisible = 0;
			defaultConfigurationName = Release;
		};
		79537FB51A32CB5C00AA9630 /* Build configuration list for PBXNativeTarget "MagnetWeekendProject" */ = {
			isa = XCConfigurationList;
			buildConfigurations = (
				79537FB61A32CB5C00AA9630 /* Debug */,
				79537FB71A32CB5C00AA9630 /* Release */,
			);
			defaultConfigurationIsVisible = 0;
		};
		79537FB81A32CB5C00AA9630 /* Build configuration list for PBXNativeTarget "MagnetWeekendProjectTests" */ = {
			isa = XCConfigurationList;
			buildConfigurations = (
				79537FB91A32CB5C00AA9630 /* Debug */,
				79537FBA1A32CB5C00AA9630 /* Release */,
			);
			defaultConfigurationIsVisible = 0;
		};
/* End XCConfigurationList section */
	};
	rootObject = 79537F8E1A32CB5B00AA9630 /* Project object */;
}
